
Microsoft Visual Studio Solution File, Format Version 12.00
# Visual Studio Version 17
VisualStudioVersion = 17.8.34322.80
MinimumVisualStudioVersion = 10.0.40219.1
Project("{9A19103F-16F7-4668-BE54-9A1E7A4F7556}") = "MoneyTransfer.Security", "MoneyTransfer.Security\MoneyTransfer.Security.csproj", "{D08AA39F-A8E1-428B-A67C-C1F1564D2311}"
EndProject
Project("{9A19103F-16F7-4668-BE54-9A1E7A4F7556}") = "MoneyTransfer.UI.MAUI", "MoneyTransfer.UI.MAUI\MoneyTransfer.UI.MAUI.csproj", "{DCDD7CAE-97D0-4CF8-AF61-65519E7C4481}"
EndProject
Project("{9A19103F-16F7-4668-BE54-9A1E7A4F7556}") = "MoneyTransfer.API", "MoneyTransfer.API\MoneyTransfer.API.csproj", "{5D30D61D-AD33-48FC-AD88-8C57CE096909}"
EndProject
Project("{FAE04EC0-301F-11D3-BF4B-00C04F79EFBC}") = "MoneyTransfer.Core", "MoneyTransfer.Core\MoneyTransfer.Core.csproj", "{05E31BCE-DA8F-4732-96AB-538B9FB2E76C}"
EndProject
Global
	GlobalSection(SolutionConfigurationPlatforms) = preSolution
		Debug|Any CPU = Debug|Any CPU
		Release|Any CPU = Release|Any CPU
	EndGlobalSection
	GlobalSection(ProjectConfigurationPlatforms) = postSolution
		{D08AA39F-A8E1-428B-A67C-C1F1564D2311}.Debug|Any CPU.ActiveCfg = Debug|Any CPU
		{D08AA39F-A8E1-428B-A67C-C1F1564D2311}.Debug|Any CPU.Build.0 = Debug|Any CPU
		{D08AA39F-A8E1-428B-A67C-C1F1564D2311}.Release|Any CPU.ActiveCfg = Release|Any CPU
		{D08AA39F-A8E1-428B-A67C-C1F1564D2311}.Release|Any CPU.Build.0 = Release|Any CPU
		{DCDD7CAE-97D0-4CF8-AF61-65519E7C4481}.Debug|Any CPU.ActiveCfg = Debug|Any CPU
		{DCDD7CAE-97D0-4CF8-AF61-65519E7C4481}.Debug|Any CPU.Build.0 = Debug|Any CPU
		{DCDD7CAE-97D0-4CF8-AF61-65519E7C4481}.Debug|Any CPU.Deploy.0 = Debug|Any CPU
		{DCDD7CAE-97D0-4CF8-AF61-65519E7C4481}.Release|Any CPU.ActiveCfg = Release|Any CPU
		{DCDD7CAE-97D0-4CF8-AF61-65519E7C4481}.Release|Any CPU.Build.0 = Release|Any CPU
		{DCDD7CAE-97D0-4CF8-AF61-65519E7C4481}.Release|Any CPU.Deploy.0 = Release|Any CPU
		{5D30D61D-AD33-48FC-AD88-8C57CE096909}.Debug|Any CPU.ActiveCfg = Debug|Any CPU
		{5D30D61D-AD33-48FC-AD88-8C57CE096909}.Debug|Any CPU.Build.0 = Debug|Any CPU
		{5D30D61D-AD33-48FC-AD88-8C57CE096909}.Release|Any CPU.ActiveCfg = Release|Any CPU
		{5D30D61D-AD33-48FC-AD88-8C57CE096909}.Release|Any CPU.Build.0 = Release|Any CPU
		{05E31BCE-DA8F-4732-96AB-538B9FB2E76C}.Debug|Any CPU.ActiveCfg = Debug|Any CPU
		{05E31BCE-DA8F-4732-96AB-538B9FB2E76C}.Debug|Any CPU.Build.0 = Debug|Any CPU
		{05E31BCE-DA8F-4732-96AB-538B9FB2E76C}.Release|Any CPU.ActiveCfg = Release|Any CPU
		{05E31BCE-DA8F-4732-96AB-538B9FB2E76C}.Release|Any CPU.Build.0 = Release|Any CPU
	EndGlobalSection
	GlobalSection(SolutionProperties) = preSolution
		HideSolutionNode = FALSE
	EndGlobalSection
	GlobalSection(ExtensibilityGlobals) = postSolution
		SolutionGuid = {266DE204-2F13-4FC6-B827-23618AA75F3A}
	EndGlobalSection
EndGlobal
